
Microsoft Visual Studio Solution File, Format Version 12.00
# Visual Studio Version 17
VisualStudioVersion = 17.3.32929.385
MinimumVisualStudioVersion = 10.0.40219.1
Project("{F184B08F-C81C-45F6-A57F-5ABD9991F28F}") = "FEB5", "FEB5\FEB5.vbproj", "{223AA3D8-5E44-49B7-999A-8D6244284665}"
EndProject
Global
	GlobalSection(SolutionConfigurationPlatforms) = preSolution
		Debug|Any CPU = Debug|Any CPU
		Release|Any CPU = Release|Any CPU
	EndGlobalSection
	GlobalSection(ProjectConfigurationPlatforms) = postSolution
		{223AA3D8-5E44-49B7-999A-8D6244284665}.Debug|Any CPU.ActiveCfg = Debug|Any CPU
		{223AA3D8-5E44-49B7-999A-8D6244284665}.Debug|Any CPU.Build.0 = Debug|Any CPU
		{223AA3D8-5E44-49B7-999A-8D6244284665}.Release|Any CPU.ActiveCfg = Release|Any CPU
		{223AA3D8-5E44-49B7-999A-8D6244284665}.Release|Any CPU.Build.0 = Release|Any CPU
	EndGlobalSection
	GlobalSection(SolutionProperties) = preSolution
		HideSolutionNode = FALSE
	EndGlobalSection
	GlobalSection(ExtensibilityGlobals) = postSolution
		SolutionGuid = {0508C8B5-2270-4580-BFDE-E9FAD5DD0FD5}
	EndGlobalSection
EndGlobal
